
Microsoft Visual Studio Solution File, Format Version 12.00
# Visual Studio Version 16
VisualStudioVersion = 16.0.30907.101
MinimumVisualStudioVersion = 10.0.40219.1
Project("{FAE04EC0-301F-11D3-BF4B-00C04F79EFBC}") = "Demo.SivitCare.Selenium", "Demo.SivitCare\Demo.SivitCare.Selenium.csproj", "{66B9BA7E-78DC-42AB-9B68-AFF43D5782FF}"
EndProject
Global
	GlobalSection(SolutionConfigurationPlatforms) = preSolution
		Debug|Any CPU = Debug|Any CPU
		Release|Any CPU = Release|Any CPU
	EndGlobalSection
	GlobalSection(ProjectConfigurationPlatforms) = postSolution
		{66B9BA7E-78DC-42AB-9B68-AFF43D5782FF}.Debug|Any CPU.ActiveCfg = Debug|Any CPU
		{66B9BA7E-78DC-42AB-9B68-AFF43D5782FF}.Debug|Any CPU.Build.0 = Debug|Any CPU
		{66B9BA7E-78DC-42AB-9B68-AFF43D5782FF}.Release|Any CPU.ActiveCfg = Release|Any CPU
		{66B9BA7E-78DC-42AB-9B68-AFF43D5782FF}.Release|Any CPU.Build.0 = Release|Any CPU
	EndGlobalSection
	GlobalSection(SolutionProperties) = preSolution
		HideSolutionNode = FALSE
	EndGlobalSection
	GlobalSection(ExtensibilityGlobals) = postSolution
		SolutionGuid = {F75E89C4-58CD-4239-8E57-4C88E8EBCF80}
	EndGlobalSection
EndGlobal
